lockfileVersion: '9.0'

settings:
  autoInstallPeers: true
  excludeLinksFromLockfile: false

importers:

  .:
    dependencies:
      hash-wasm:
        specifier: 4.12.0
        version: 4.12.0
      tree-sitter-wasms:
        specifier: 0.1.13
        version: 0.1.13
      web-tree-sitter:
        specifier: 0.26.11
        version: 0.26.11

packages:

  hash-wasm@4.12.0:
    resolution: {integrity: sha512-+/2B2rYLb48I/evdOIhP+K/DD2ca2fgBjp6O+GBEnCDk2e4rpeXIK8GvIyRPjTezgmWn9gmKwkQjjx6BtqDHVQ==}

  tree-sitter-wasms@0.1.13:
    resolution: {integrity: sha512-wT+cR6DwaIz80/vho3AvSF0N4txuNx/5bcRKoXouOfClpxh/qqrF4URNLQXbbt8MaAxeksZcZd1j8gcGjc+QxQ==}

  web-tree-sitter@0.26.11:
    resolution: {integrity: sha512-Q5Dm3YTIXSXuH6FxX6RuzX2Qwpc4DPGiYMU87Wg5Z8OIStiQFiUex4zMDc0vBTw78EphaYJacncJghCHzbZptg==}

snapshots:

  hash-wasm@4.12.0: {}

  tree-sitter-wasms@0.1.13: {}

  web-tree-sitter@0.26.11: {}
